
Microsoft Visual Studio Solution File, Format Version 12.00
# Visual Studio Version 17
VisualStudioVersion = 17.14.36202.13
MinimumVisualStudioVersion = 10.0.40219.1
Project("{FAE04EC0-301F-11D3-BF4B-00C04F79EFBC}") = "SmartWings.Domain", "SmartWings.Domain\SmartWings.Domain.csproj", "{2A1BCFB9-33A0-4C16-A1BB-F01A43F9720A}"
EndProject
Project("{FAE04EC0-301F-11D3-BF4B-00C04F79EFBC}") = "SmartWings.Infrastructure", "SmartWings.Infrastructure\SmartWings.Infrastructure.csproj", "{B1F989F0-EEC5-4AAB-9360-D97BA0E6EF14}"
EndProject
Global
	GlobalSection(SolutionConfigurationPlatforms) = preSolution
		Debug|Any CPU = Debug|Any CPU
		Release|Any CPU = Release|Any CPU
	EndGlobalSection
	GlobalSection(ProjectConfigurationPlatforms) = postSolution
		{2A1BCFB9-33A0-4C16-A1BB-F01A43F9720A}.Debug|Any CPU.ActiveCfg = Debug|Any CPU
		{2A1BCFB9-33A0-4C16-A1BB-F01A43F9720A}.Debug|Any CPU.Build.0 = Debug|Any CPU
		{2A1BCFB9-33A0-4C16-A1BB-F01A43F9720A}.Release|Any CPU.ActiveCfg = Release|Any CPU
		{2A1BCFB9-33A0-4C16-A1BB-F01A43F9720A}.Release|Any CPU.Build.0 = Release|Any CPU
		{B1F989F0-EEC5-4AAB-9360-D97BA0E6EF14}.Debug|Any CPU.ActiveCfg = Debug|Any CPU
		{B1F989F0-EEC5-4AAB-9360-D97BA0E6EF14}.Debug|Any CPU.Build.0 = Debug|Any CPU
		{B1F989F0-EEC5-4AAB-9360-D97BA0E6EF14}.Release|Any CPU.ActiveCfg = Release|Any CPU
		{B1F989F0-EEC5-4AAB-9360-D97BA0E6EF14}.Release|Any CPU.Build.0 = Release|Any CPU
	EndGlobalSection
	GlobalSection(SolutionProperties) = preSolution
		HideSolutionNode = FALSE
	EndGlobalSection
	GlobalSection(ExtensibilityGlobals) = postSolution
		SolutionGuid = {47B83C9E-F0AE-4290-95A1-398E8CE0F056}
	EndGlobalSection
EndGlobal
